
Microsoft Visual Studio Solution File, Format Version 12.00
# Visual Studio Version 17
VisualStudioVersion = 17.5.33414.496
MinimumVisualStudioVersion = 10.0.40219.1
Project("{FAE04EC0-301F-11D3-BF4B-00C04F79EFBC}") = "miles_to_km_converter", "miles_to_km_converter.csproj", "{2F909F55-2961-400B-997C-12CC2997B072}"
EndProject
Global
	GlobalSection(SolutionConfigurationPlatforms) = preSolution
		Debug|Any CPU = Debug|Any CPU
		Release|Any CPU = Release|Any CPU
	EndGlobalSection
	GlobalSection(ProjectConfigurationPlatforms) = postSolution
		{2F909F55-2961-400B-997C-12CC2997B072}.Debug|Any CPU.ActiveCfg = Debug|Any CPU
		{2F909F55-2961-400B-997C-12CC2997B072}.Debug|Any CPU.Build.0 = Debug|Any CPU
		{2F909F55-2961-400B-997C-12CC2997B072}.Release|Any CPU.ActiveCfg = Release|Any CPU
		{2F909F55-2961-400B-997C-12CC2997B072}.Release|Any CPU.Build.0 = Release|Any CPU
	EndGlobalSection
	GlobalSection(SolutionProperties) = preSolution
		HideSolutionNode = FALSE
	EndGlobalSection
	GlobalSection(ExtensibilityGlobals) = postSolution
		SolutionGuid = {5D2CF62E-90E5-407A-A9E9-7411834290E2}
	EndGlobalSection
EndGlobal
